
Microsoft Visual Studio Solution File, Format Version 12.00
# Visual Studio Express 2012 for Windows Desktop
Project("{FAE04EC0-301F-11D3-BF4B-00C04F79EFBC}") = "Application_Launcher", "Application_Launcher\Application_Launcher.csproj", "{166DEF9E-87E8-4F94-9140-A96E053D50AC}"
EndProject
Global
	GlobalSection(SolutionConfigurationPlatforms) = preSolution
		Debug|Any CPU = Debug|Any CPU
		Release|Any CPU = Release|Any CPU
	EndGlobalSection
	GlobalSection(ProjectConfigurationPlatforms) = postSolution
		{166DEF9E-87E8-4F94-9140-A96E053D50AC}.Debug|Any CPU.ActiveCfg = Debug|Any CPU
		{166DEF9E-87E8-4F94-9140-A96E053D50AC}.Debug|Any CPU.Build.0 = Debug|Any CPU
		{166DEF9E-87E8-4F94-9140-A96E053D50AC}.Release|Any CPU.ActiveCfg = Release|Any CPU
		{166DEF9E-87E8-4F94-9140-A96E053D50AC}.Release|Any CPU.Build.0 = Release|Any CPU
	EndGlobalSection
	GlobalSection(SolutionProperties) = preSolution
		HideSolutionNode = FALSE
	EndGlobalSection
EndGlobal
